
Microsoft Visual Studio Solution File, Format Version 12.00
# Visual Studio Version 17
VisualStudioVersion = 17.3.32901.215
MinimumVisualStudioVersion = 10.0.40219.1
Project("{8BC9CEB8-8B4A-11D0-8D11-00A0C91BC942}") = "sortowaniebąbelkowe Oliwer_Mielcarek4B", "sortowaniebąbelkowe Oliwer_Mielcarek4B\sortowaniebąbelkowe Oliwer_Mielcarek4B.vcxproj", "{37B51685-4354-45F6-9FBE-8F7E7574183C}"
EndProject
Global
	GlobalSection(SolutionConfigurationPlatforms) = preSolution
		Debug|x64 = Debug|x64
		Debug|x86 = Debug|x86
		Release|x64 = Release|x64
		Release|x86 = Release|x86
	EndGlobalSection
	GlobalSection(ProjectConfigurationPlatforms) = postSolution
		{37B51685-4354-45F6-9FBE-8F7E7574183C}.Debug|x64.ActiveCfg = Debug|x64
		{37B51685-4354-45F6-9FBE-8F7E7574183C}.Debug|x64.Build.0 = Debug|x64
		{37B51685-4354-45F6-9FBE-8F7E7574183C}.Debug|x86.ActiveCfg = Debug|Win32
		{37B51685-4354-45F6-9FBE-8F7E7574183C}.Debug|x86.Build.0 = Debug|Win32
		{37B51685-4354-45F6-9FBE-8F7E7574183C}.Release|x64.ActiveCfg = Release|x64
		{37B51685-4354-45F6-9FBE-8F7E7574183C}.Release|x64.Build.0 = Release|x64
		{37B51685-4354-45F6-9FBE-8F7E7574183C}.Release|x86.ActiveCfg = Release|Win32
		{37B51685-4354-45F6-9FBE-8F7E7574183C}.Release|x86.Build.0 = Release|Win32
	EndGlobalSection
	GlobalSection(SolutionProperties) = preSolution
		HideSolutionNode = FALSE
	EndGlobalSection
	GlobalSection(ExtensibilityGlobals) = postSolution
		SolutionGuid = {8CF79D19-4CCB-4578-870B-AA2836876DB4}
	EndGlobalSection
EndGlobal
